lockfileVersion: '9.0'

settings:
  autoInstallPeers: true
  excludeLinksFromLockfile: false

importers:

  .:
    dependencies:
      hono:
        specifier: ^4.12.31
        version: 4.12.32

packages:

  hono@4.12.32:
    resolution: {integrity: sha512-XcuyW9qE2kJn07PkecMOBd5Vq/hMy7mmGw+idz1yblbg9N17ijJODrvPkn7/dwL3Kulj8LcRJ69DLOWf91dRUg==}
    engines: {node: '>=16.9.0'}

snapshots:

  hono@4.12.32: {}
