lockfileVersion: '9.0'

settings:
  autoInstallPeers: true
  excludeLinksFromLockfile: false

importers:

  .:
    dependencies:
      hono:
        specifier: ^4.12.34
        version: 4.12.34

packages:

  hono@4.12.34:
    resolution: {integrity: sha512-GqXJqY/xJkJmuloTrnV1ZEXG3fqte+VjkUqoRNZXcrUidiUOP4fMSIHHY4tsqZBK++kVyWmt/AAfSUuy57/eSA==}
    engines: {node: '>=16.9.0'}

snapshots:

  hono@4.12.34: {}
